schema: '2.0'
stages:
  prepare:
    cmd: python3 src/prepare.py data/data.xml
    deps:
    - path: data/data.xml
      md5: 692d08eebd94ca95202ebef517fcdab7
      size: 11776211
    - path: src/prepare.py
      md5: f09ea0c15980b43010257ccb9f0055e2
      size: 1576
    params:
      params.yaml:
        prepare.seed: 20170428
        prepare.split: 0.2
    outs:
    - path: data/prepared
      md5: 03d41cb37d1af28bf8872ff36367765d.dir
      size: 6871874
      nfiles: 2
  featurize:
    cmd: python3 src/featurization.py data/prepared data/features
    deps:
    - path: data/prepared
      md5: 03d41cb37d1af28bf8872ff36367765d.dir
      size: 6871874
      nfiles: 2
    - path: src/featurization.py
      md5: e0265fc22f056a4b86d85c3056bc2894
      size: 2490
    params:
      params.yaml:
        featurize.max_features: 100
        featurize.ngrams: 1
    outs:
    - path: data/features
      md5: 128d4284aa37f58f92a84c9245f721a4.dir
      size: 1277724
      nfiles: 2
  train:
    cmd: python3 src/train.py data/features model.pkl
    deps:
    - path: data/features
      md5: 128d4284aa37f58f92a84c9245f721a4.dir
      size: 1277724
      nfiles: 2
    - path: src/train.py
      md5: c3961d777cfbd7727f9fde4851896006
      size: 967
    params:
      params.yaml:
        train.min_split: 0.01
        train.n_est: 50
        train.seed: 20170428
    outs:
    - path: model.pkl
      md5: 4b83b99d08cbbc20541754a3131a88ef
      size: 1561657
