schema: '2.0'
stages:
  prepare:
    cmd: python3 src/prepare.py data/data.xml
    deps:
    - path: data/data.xml
      md5: 76e2216af52e34ee2b0c0fdae82a51a3
      size: 7549901
    - path: src/prepare.py
      md5: 4797ebf046d4759be155ffce19857caa
      size: 1587
    params:
      params.yaml:
        prepare.seed: 20170428
        prepare.split: 0.2
    outs:
    - path: data/prepared
      md5: a21aba1de60bcc0108326750d789ad47.dir
      size: 4403350
      nfiles: 2
  featurize:
    cmd: python3 src/featurization.py data/prepared data/features
    deps:
    - path: data/prepared
      md5: a21aba1de60bcc0108326750d789ad47.dir
      size: 4403350
      nfiles: 2
    - path: src/featurization.py
      md5: e0265fc22f056a4b86d85c3056bc2894
      size: 2490
    params:
      params.yaml:
        featurize.max_features: 75
        featurize.ngrams: 1
    outs:
    - path: data/features
      md5: 1ef0b953a615920a9d99b4f5ea7a0171.dir
      size: 711455
      nfiles: 2
  train:
    cmd: python3 src/train.py data/features model.pkl
    deps:
    - path: data/features
      md5: 1ef0b953a615920a9d99b4f5ea7a0171.dir
      size: 711455
      nfiles: 2
    - path: src/train.py
      md5: c3961d777cfbd7727f9fde4851896006
      size: 967
    params:
      params.yaml:
        train.min_split: 0.01
        train.n_est: 50
        train.seed: 20170428
    outs:
    - path: model.pkl
      md5: 6ac37ff05d3c89345bec19fe0385bd77
      size: 1357717
